// !$*UTF8*$!
{
	archiveVersion = 1;
	classes = {
	};
	objectVersion = 46;
	objects = {

/* Begin PBXBuildFile section */
		FC1EE47216AEC7D5007A39FC /* PSPDFKit.framework in Frameworks */ = {isa = PBXBuildFile; fileRef = FC1EE46B16AEC7D5007A39FC /* PSPDFKit.framework */; };
		FC1EE47316AEC7D5007A39FC /* ACKNOWLEDGEMENTS in Resources */ = {isa = PBXBuildFile; fileRef = FC1EE46D16AEC7D5007A39FC /* ACKNOWLEDGEMENTS */; };
		FC1EE47416AEC7D5007A39FC /* LICENSE in Resources */ = {isa = PBXBuildFile; fileRef = FC1EE46E16AEC7D5007A39FC /* LICENSE */; };
		FC1EE47516AEC7D5007A39FC /* PSPDFKit.bundle in Resources */ = {isa = PBXBuildFile; fileRef = FC1EE46F16AEC7D5007A39FC /* PSPDFKit.bundle */; };
		FC1EE47616AEC7D5007A39FC /* PSPDFKit.xcconfig in Resources */ = {isa = PBXBuildFile; fileRef = FC1EE47016AEC7D5007A39FC /* PSPDFKit.xcconfig */; };
		FC1EE47716AEC7D5007A39FC /* VERSION in Resources */ = {isa = PBXBuildFile; fileRef = FC1EE47116AEC7D5007A39FC /* VERSION */; };
		FC1EE47916AEC855007A39FC /* AssetsLibrary.framework in Frameworks */ = {isa = PBXBuildFile; fileRef = FC1EE47816AEC855007A39FC /* AssetsLibrary.framework */; };
		FC1EE4BF16B071D1007A39FC /* DTAnnotationProvider.m in Sources */ = {isa = PBXBuildFile; fileRef = FC1EE4BE16B071D1007A39FC /* DTAnnotationProvider.m */; };
		FC29959A16ADAE5200FDAF18 /* DTPDFToolBar.m in Sources */ = {isa = PBXBuildFile; fileRef = FC29959916ADAE5200FDAF18 /* DTPDFToolBar.m */; };
		FC29959D16ADBAAF00FDAF18 /* 39-spraycan@2x.png in Resources */ = {isa = PBXBuildFile; fileRef = FC29959C16ADBAAF00FDAF18 /* 39-spraycan@2x.png */; };
		FC29959F16ADBAE000FDAF18 /* 39-spraycan_white@2x.png in Resources */ = {isa = PBXBuildFile; fileRef = FC29959E16ADBAE000FDAF18 /* 39-spraycan_white@2x.png */; };
		FC2995A416ADDA2D00FDAF18 /* sticky_note_selected.png in Resources */ = {isa = PBXBuildFile; fileRef = FC2995A016ADDA2D00FDAF18 /* sticky_note_selected.png */; };
		FC2995A516ADDA2D00FDAF18 /* sticky_note_unselected.png in Resources */ = {isa = PBXBuildFile; fileRef = FC2995A116ADDA2D00FDAF18 /* sticky_note_unselected.png */; };
		FC2995A616ADDA2D00FDAF18 /* text_selected.png in Resources */ = {isa = PBXBuildFile; fileRef = FC2995A216ADDA2D00FDAF18 /* text_selected.png */; };
		FC2995A716ADDA2D00FDAF18 /* text_unselected.png in Resources */ = {isa = PBXBuildFile; fileRef = FC2995A316ADDA2D00FDAF18 /* text_unselected.png */; };
		FC9550261635D136005CBE8F /* UIKit.framework in Frameworks */ = {isa = PBXBuildFile; fileRef = FC9550251635D136005CBE8F /* UIKit.framework */; settings = {ATTRIBUTES = (Weak, ); }; };
		FC9550281635D136005CBE8F /* Foundation.framework in Frameworks */ = {isa = PBXBuildFile; fileRef = FC9550271635D136005CBE8F /* Foundation.framework */; };
		FC95502A1635D136005CBE8F /* CoreGraphics.framework in Frameworks */ = {isa = PBXBuildFile; fileRef = FC9550291635D136005CBE8F /* CoreGraphics.framework */; };
		FC9550301635D136005CBE8F /* InfoPlist.strings in Resources */ = {isa = PBXBuildFile; fileRef = FC95502E1635D136005CBE8F /* InfoPlist.strings */; };
		FC9550321635D136005CBE8F /* main.m in Sources */ = {isa = PBXBuildFile; fileRef = FC9550311635D136005CBE8F /* main.m */; };
		FC9550361635D136005CBE8F /* DTAppDelegate.m in Sources */ = {isa = PBXBuildFile; fileRef = FC9550351635D136005CBE8F /* DTAppDelegate.m */; };
		FC9550381635D136005CBE8F /* Default.png in Resources */ = {isa = PBXBuildFile; fileRef = FC9550371635D136005CBE8F /* Default.png */; };
		FC95503A1635D136005CBE8F /* Default@2x.png in Resources */ = {isa = PBXBuildFile; fileRef = FC9550391635D136005CBE8F /* Default@2x.png */; };
		FC95503C1635D136005CBE8F /* Default-568h@2x.png in Resources */ = {isa = PBXBuildFile; fileRef = FC95503B1635D136005CBE8F /* Default-568h@2x.png */; };
		FC95503F1635D136005CBE8F /* MainStoryboard.storyboard in Resources */ = {isa = PBXBuildFile; fileRef = FC95503D1635D136005CBE8F /* MainStoryboard.storyboard */; };
		FC9550421635D136005CBE8F /* DTViewController.m in Sources */ = {isa = PBXBuildFile; fileRef = FC9550411635D136005CBE8F /* DTViewController.m */; };
		FC95504A1635D136005CBE8F /* SenTestingKit.framework in Frameworks */ = {isa = PBXBuildFile; fileRef = FC9550491635D136005CBE8F /* SenTestingKit.framework */; };
		FC95504B1635D136005CBE8F /* UIKit.framework in Frameworks */ = {isa = PBXBuildFile; fileRef = FC9550251635D136005CBE8F /* UIKit.framework */; };
		FC95504C1635D136005CBE8F /* Foundation.framework in Frameworks */ = {isa = PBXBuildFile; fileRef = FC9550271635D136005CBE8F /* Foundation.framework */; };
		FC9550541635D136005CBE8F /* InfoPlist.strings in Resources */ = {isa = PBXBuildFile; fileRef = FC9550521635D136005CBE8F /* InfoPlist.strings */; };
		FC9550571635D136005CBE8F /* PDFKitPOCTests.m in Sources */ = {isa = PBXBuildFile; fileRef = FC9550561635D136005CBE8F /* PDFKitPOCTests.m */; };
		FC9550731635D2E9005CBE8F /* AVFoundation.framework in Frameworks */ = {isa = PBXBuildFile; fileRef = FC95506E1635D2E9005CBE8F /* AVFoundation.framework */; };
		FC9550741635D2E9005CBE8F /* CoreText.framework in Frameworks */ = {isa = PBXBuildFile; fileRef = FC95506F1635D2E9005CBE8F /* CoreText.framework */; };
		FC9550751635D2E9005CBE8F /* ImageIO.framework in Frameworks */ = {isa = PBXBuildFile; fileRef = FC9550701635D2E9005CBE8F /* ImageIO.framework */; };
		FC9550761635D2E9005CBE8F /* MediaPlayer.framework in Frameworks */ = {isa = PBXBuildFile; fileRef = FC9550711635D2E9005CBE8F /* MediaPlayer.framework */; };
		FC9550791635D310005CBE8F /* QuartzCore.framework in Frameworks */ = {isa = PBXBuildFile; fileRef = FC9550781635D310005CBE8F /* QuartzCore.framework */; };
		FC95507B1635D326005CBE8F /* MessageUI.framework in Frameworks */ = {isa = PBXBuildFile; fileRef = FC95507A1635D326005CBE8F /* MessageUI.framework */; };
		FC95507E1635D354005CBE8F /* CoreMedia.framework in Frameworks */ = {isa = PBXBuildFile; fileRef = FC95507C1635D354005CBE8F /* CoreMedia.framework */; };
		FC95507F1635D354005CBE8F /* libz.dylib in Frameworks */ = {isa = PBXBuildFile; fileRef = FC95507D1635D354005CBE8F /* libz.dylib */; };
		FCCC01C416A84D84000A4BF3 /* pdf-iso3200.pdf in Resources */ = {isa = PBXBuildFile; fileRef = FCCC01C316A84D84000A4BF3 /* pdf-iso3200.pdf */; };
/* End PBXBuildFile section */

/* Begin PBXContainerItemProxy section */
		FC95504D1635D136005CBE8F /* PBXContainerItemProxy */ = {
			isa = PBXContainerItemProxy;
			containerPortal = FC9550181635D136005CBE8F /* Project object */;
			proxyType = 1;
			remoteGlobalIDString = FC9550201635D136005CBE8F;
			remoteInfo = PDFKitPOC;
		};
/* End PBXContainerItemProxy section */

/* Begin PBXFileReference section */
		FC1EE46B16AEC7D5007A39FC /* PSPDFKit.framework */ = {isa = PBXFileReference; lastKnownFileType = wrapper.framework; path = PSPDFKit.framework; sourceTree = "<group>"; };
		FC1EE46D16AEC7D5007A39FC /* ACKNOWLEDGEMENTS */ = {isa = PBXFileReference; fileEncoding = 4; lastKnownFileType = text; path = ACKNOWLEDGEMENTS; sourceTree = "<group>"; };
		FC1EE46E16AEC7D5007A39FC /* LICENSE */ = {isa = PBXFileReference; fileEncoding = 4; lastKnownFileType = text; path = LICENSE; sourceTree = "<group>"; };
		FC1EE46F16AEC7D5007A39FC /* PSPDFKit.bundle */ = {isa = PBXFileReference; lastKnownFileType = "wrapper.plug-in"; path = PSPDFKit.bundle; sourceTree = "<group>"; };
		FC1EE47016AEC7D5007A39FC /* PSPDFKit.xcconfig */ = {isa = PBXFileReference; fileEncoding = 4; lastKnownFileType = text.xcconfig; path = PSPDFKit.xcconfig; sourceTree = "<group>"; };
		FC1EE47116AEC7D5007A39FC /* VERSION */ = {isa = PBXFileReference; fileEncoding = 4; lastKnownFileType = text; path = VERSION; sourceTree = "<group>"; };
		FC1EE47816AEC855007A39FC /* AssetsLibrary.framework */ = {isa = PBXFileReference; lastKnownFileType = wrapper.framework; name = AssetsLibrary.framework; path = System/Library/Frameworks/AssetsLibrary.framework; sourceTree = SDKROOT; };
		FC1EE4BD16B071D1007A39FC /* DTAnnotationProvider.h */ = {isa = PBXFileReference; fileEncoding = 4; lastKnownFileType = sourcecode.c.h; path = DTAnnotationProvider.h; sourceTree = "<group>"; };
		FC1EE4BE16B071D1007A39FC /* DTAnnotationProvider.m */ = {isa = PBXFileReference; fileEncoding = 4; lastKnownFileType = sourcecode.c.objc; path = DTAnnotationProvider.m; sourceTree = "<group>"; };
		FC29959816ADAE5200FDAF18 /* DTPDFToolBar.h */ = {isa = PBXFileReference; fileEncoding = 4; lastKnownFileType = sourcecode.c.h; path = DTPDFToolBar.h; sourceTree = "<group>"; };
		FC29959916ADAE5200FDAF18 /* DTPDFToolBar.m */ = {isa = PBXFileReference; fileEncoding = 4; lastKnownFileType = sourcecode.c.objc; path = DTPDFToolBar.m; sourceTree = "<group>"; };
		FC29959C16ADBAAF00FDAF18 /* 39-spraycan@2x.png */ = {isa = PBXFileReference; lastKnownFileType = image.png; path = "39-spraycan@2x.png"; sourceTree = "<group>"; };
		FC29959E16ADBAE000FDAF18 /* 39-spraycan_white@2x.png */ = {isa = PBXFileReference; lastKnownFileType = image.png; path = "39-spraycan_white@2x.png"; sourceTree = "<group>"; };
		FC2995A016ADDA2D00FDAF18 /* sticky_note_selected.png */ = {isa = PBXFileReference; lastKnownFileType = image.png; path = sticky_note_selected.png; sourceTree = "<group>"; };
		FC2995A116ADDA2D00FDAF18 /* sticky_note_unselected.png */ = {isa = PBXFileReference; lastKnownFileType = image.png; path = sticky_note_unselected.png; sourceTree = "<group>"; };
		FC2995A216ADDA2D00FDAF18 /* text_selected.png */ = {isa = PBXFileReference; lastKnownFileType = image.png; path = text_selected.png; sourceTree = "<group>"; };
		FC2995A316ADDA2D00FDAF18 /* text_unselected.png */ = {isa = PBXFileReference; lastKnownFileType = image.png; path = text_unselected.png; sourceTree = "<group>"; };
		FC9550211635D136005CBE8F /* PDFKitPOC.app */ = {isa = PBXFileReference; explicitFileType = wrapper.application; includeInIndex = 0; path = PDFKitPOC.app; sourceTree = BUILT_PRODUCTS_DIR; };
		FC9550251635D136005CBE8F /* UIKit.framework */ = {isa = PBXFileReference; lastKnownFileType = wrapper.framework; name = UIKit.framework; path = System/Library/Frameworks/UIKit.framework; sourceTree = SDKROOT; };
		FC9550271635D136005CBE8F /* Foundation.framework */ = {isa = PBXFileReference; lastKnownFileType = wrapper.framework; name = Foundation.framework; path = System/Library/Frameworks/Foundation.framework; sourceTree = SDKROOT; };
		FC9550291635D136005CBE8F /* CoreGraphics.framework */ = {isa = PBXFileReference; lastKnownFileType = wrapper.framework; name = CoreGraphics.framework; path = System/Library/Frameworks/CoreGraphics.framework; sourceTree = SDKROOT; };
		FC95502D1635D136005CBE8F /* PDFKitPOC-Info.plist */ = {isa = PBXFileReference; lastKnownFileType = text.plist.xml; path = "PDFKitPOC-Info.plist"; sourceTree = "<group>"; };
		FC95502F1635D136005CBE8F /* en */ = {isa = PBXFileReference; lastKnownFileType = text.plist.strings; name = en; path = en.lproj/InfoPlist.strings; sourceTree = "<group>"; };
		FC9550311635D136005CBE8F /* main.m */ = {isa = PBXFileReference; lastKnownFileType = sourcecode.c.objc; path = main.m; sourceTree = "<group>"; };
		FC9550331635D136005CBE8F /* PDFKitPOC-Prefix.pch */ = {isa = PBXFileReference; lastKnownFileType = sourcecode.c.h; path = "PDFKitPOC-Prefix.pch"; sourceTree = "<group>"; };
		FC9550341635D136005CBE8F /* DTAppDelegate.h */ = {isa = PBXFileReference; lastKnownFileType = sourcecode.c.h; path = DTAppDelegate.h; sourceTree = "<group>"; };
		FC9550351635D136005CBE8F /* DTAppDelegate.m */ = {isa = PBXFileReference; lastKnownFileType = sourcecode.c.objc; path = DTAppDelegate.m; sourceTree = "<group>"; };
		FC9550371635D136005CBE8F /* Default.png */ = {isa = PBXFileReference; lastKnownFileType = image.png; path = Default.png; sourceTree = "<group>"; };
		FC9550391635D136005CBE8F /* Default@2x.png */ = {isa = PBXFileReference; lastKnownFileType = image.png; path = "Default@2x.png"; sourceTree = "<group>"; };
		FC95503B1635D136005CBE8F /* Default-568h@2x.png */ = {isa = PBXFileReference; lastKnownFileType = image.png; path = "Default-568h@2x.png"; sourceTree = "<group>"; };
		FC95503E1635D136005CBE8F /* en */ = {isa = PBXFileReference; lastKnownFileType = file.storyboard; name = en; path = en.lproj/MainStoryboard.storyboard; sourceTree = "<group>"; };
		FC9550401635D136005CBE8F /* DTViewController.h */ = {isa = PBXFileReference; lastKnownFileType = sourcecode.c.h; path = DTViewController.h; sourceTree = "<group>"; };
		FC9550411635D136005CBE8F /* DTViewController.m */ = {isa = PBXFileReference; lastKnownFileType = sourcecode.c.objc; path = DTViewController.m; sourceTree = "<group>"; };
		FC9550481635D136005CBE8F /* PDFKitPOCTests.octest */ = {isa = PBXFileReference; explicitFileType = wrapper.cfbundle; includeInIndex = 0; path = PDFKitPOCTests.octest; sourceTree = BUILT_PRODUCTS_DIR; };
		FC9550491635D136005CBE8F /* SenTestingKit.framework */ = {isa = PBXFileReference; lastKnownFileType = wrapper.framework; name = SenTestingKit.framework; path = Library/Frameworks/SenTestingKit.framework; sourceTree = DEVELOPER_DIR; };
		FC9550511635D136005CBE8F /* PDFKitPOCTests-Info.plist */ = {isa = PBXFileReference; lastKnownFileType = text.plist.xml; path = "PDFKitPOCTests-Info.plist"; sourceTree = "<group>"; };
		FC9550531635D136005CBE8F /* en */ = {isa = PBXFileReference; lastKnownFileType = text.plist.strings; name = en; path = en.lproj/InfoPlist.strings; sourceTree = "<group>"; };
		FC9550551635D136005CBE8F /* PDFKitPOCTests.h */ = {isa = PBXFileReference; lastKnownFileType = sourcecode.c.h; path = PDFKitPOCTests.h; sourceTree = "<group>"; };
		FC9550561635D136005CBE8F /* PDFKitPOCTests.m */ = {isa = PBXFileReference; lastKnownFileType = sourcecode.c.objc; path = PDFKitPOCTests.m; sourceTree = "<group>"; };
		FC95506E1635D2E9005CBE8F /* AVFoundation.framework */ = {isa = PBXFileReference; lastKnownFileType = wrapper.framework; name = AVFoundation.framework; path = System/Library/Frameworks/AVFoundation.framework; sourceTree = SDKROOT; };
		FC95506F1635D2E9005CBE8F /* CoreText.framework */ = {isa = PBXFileReference; lastKnownFileType = wrapper.framework; name = CoreText.framework; path = System/Library/Frameworks/CoreText.framework; sourceTree = SDKROOT; };
		FC9550701635D2E9005CBE8F /* ImageIO.framework */ = {isa = PBXFileReference; lastKnownFileType = wrapper.framework; name = ImageIO.framework; path = System/Library/Frameworks/ImageIO.framework; sourceTree = SDKROOT; };
		FC9550711635D2E9005CBE8F /* MediaPlayer.framework */ = {isa = PBXFileReference; lastKnownFileType = wrapper.framework; name = MediaPlayer.framework; path = System/Library/Frameworks/MediaPlayer.framework; sourceTree = SDKROOT; };
		FC9550781635D310005CBE8F /* QuartzCore.framework */ = {isa = PBXFileReference; lastKnownFileType = wrapper.framework; name = QuartzCore.framework; path = System/Library/Frameworks/QuartzCore.framework; sourceTree = SDKROOT; };
		FC95507A1635D326005CBE8F /* MessageUI.framework */ = {isa = PBXFileReference; lastKnownFileType = wrapper.framework; name = MessageUI.framework; path = System/Library/Frameworks/MessageUI.framework; sourceTree = SDKROOT; };
		FC95507C1635D354005CBE8F /* CoreMedia.framework */ = {isa = PBXFileReference; lastKnownFileType = wrapper.framework; name = CoreMedia.framework; path = System/Library/Frameworks/CoreMedia.framework; sourceTree = SDKROOT; };
		FC95507D1635D354005CBE8F /* libz.dylib */ = {isa = PBXFileReference; lastKnownFileType = "compiled.mach-o.dylib"; name = libz.dylib; path = usr/lib/libz.dylib; sourceTree = SDKROOT; };
		FCCC01C316A84D84000A4BF3 /* pdf-iso3200.pdf */ = {isa = PBXFileReference; lastKnownFileType = image.pdf; path = "pdf-iso3200.pdf"; sourceTree = "<group>"; };
/* End PBXFileReference section */

/* Begin PBXFrameworksBuildPhase section */
		FC95501E1635D136005CBE8F /* Frameworks */ = {
			isa = PBXFrameworksBuildPhase;
			buildActionMask = 2147483647;
			files = (
				FC1EE47916AEC855007A39FC /* AssetsLibrary.framework in Frameworks */,
				FC9550741635D2E9005CBE8F /* CoreText.framework in Frameworks */,
				FC9550791635D310005CBE8F /* QuartzCore.framework in Frameworks */,
				FC95507B1635D326005CBE8F /* MessageUI.framework in Frameworks */,
				FC95507F1635D354005CBE8F /* libz.dylib in Frameworks */,
				FC9550751635D2E9005CBE8F /* ImageIO.framework in Frameworks */,
				FC95507E1635D354005CBE8F /* CoreMedia.framework in Frameworks */,
				FC9550761635D2E9005CBE8F /* MediaPlayer.framework in Frameworks */,
				FC9550731635D2E9005CBE8F /* AVFoundation.framework in Frameworks */,
				FC95502A1635D136005CBE8F /* CoreGraphics.framework in Frameworks */,
				FC9550261635D136005CBE8F /* UIKit.framework in Frameworks */,
				FC9550281635D136005CBE8F /* Foundation.framework in Frameworks */,
				FC1EE47216AEC7D5007A39FC /* PSPDFKit.framework in Frameworks */,
			);
			runOnlyForDeploymentPostprocessing = 0;
		};
		FC9550441635D136005CBE8F /* Frameworks */ = {
			isa = PBXFrameworksBuildPhase;
			buildActionMask = 2147483647;
			files = (
				FC95504A1635D136005CBE8F /* SenTestingKit.framework in Frameworks */,
				FC95504B1635D136005CBE8F /* UIKit.framework in Frameworks */,
				FC95504C1635D136005CBE8F /* Foundation.framework in Frameworks */,
			);
			runOnlyForDeploymentPostprocessing = 0;
		};
/* End PBXFrameworksBuildPhase section */

/* Begin PBXGroup section */
		FC1EE46A16AEC7D5007A39FC /* PSPDFKit.embeddedframework */ = {
			isa = PBXGroup;
			children = (
				FC1EE46B16AEC7D5007A39FC /* PSPDFKit.framework */,
				FC1EE46C16AEC7D5007A39FC /* Resources */,
			);
			path = PSPDFKit.embeddedframework;
			sourceTree = "<group>";
		};
		FC1EE46C16AEC7D5007A39FC /* Resources */ = {
			isa = PBXGroup;
			children = (
				FC1EE46D16AEC7D5007A39FC /* ACKNOWLEDGEMENTS */,
				FC1EE46E16AEC7D5007A39FC /* LICENSE */,
				FC1EE46F16AEC7D5007A39FC /* PSPDFKit.bundle */,
				FC1EE47016AEC7D5007A39FC /* PSPDFKit.xcconfig */,
				FC1EE47116AEC7D5007A39FC /* VERSION */,
			);
			path = Resources;
			sourceTree = "<group>";
		};
		FC9550161635D136005CBE8F = {
			isa = PBXGroup;
			children = (
				FC1EE47816AEC855007A39FC /* AssetsLibrary.framework */,
				FC9550801635D71A005CBE8F /* Resources */,
				FC95502B1635D136005CBE8F /* PDFKitPOC */,
				FC95504F1635D136005CBE8F /* PDFKitPOCTests */,
				FC9550241635D136005CBE8F /* Frameworks */,
				FC9550221635D136005CBE8F /* Products */,
			);
			sourceTree = "<group>";
		};
		FC9550221635D136005CBE8F /* Products */ = {
			isa = PBXGroup;
			children = (
				FC9550211635D136005CBE8F /* PDFKitPOC.app */,
				FC9550481635D136005CBE8F /* PDFKitPOCTests.octest */,
			);
			name = Products;
			sourceTree = "<group>";
		};
		FC9550241635D136005CBE8F /* Frameworks */ = {
			isa = PBXGroup;
			children = (
				FC1EE46A16AEC7D5007A39FC /* PSPDFKit.embeddedframework */,
				FC95507C1635D354005CBE8F /* CoreMedia.framework */,
				FC95507D1635D354005CBE8F /* libz.dylib */,
				FC95507A1635D326005CBE8F /* MessageUI.framework */,
				FC9550781635D310005CBE8F /* QuartzCore.framework */,
				FC95506E1635D2E9005CBE8F /* AVFoundation.framework */,
				FC95506F1635D2E9005CBE8F /* CoreText.framework */,
				FC9550701635D2E9005CBE8F /* ImageIO.framework */,
				FC9550711635D2E9005CBE8F /* MediaPlayer.framework */,
				FC9550251635D136005CBE8F /* UIKit.framework */,
				FC9550271635D136005CBE8F /* Foundation.framework */,
				FC9550291635D136005CBE8F /* CoreGraphics.framework */,
				FC9550491635D136005CBE8F /* SenTestingKit.framework */,
			);
			name = Frameworks;
			sourceTree = "<group>";
		};
		FC95502B1635D136005CBE8F /* PDFKitPOC */ = {
			isa = PBXGroup;
			children = (
				FC9550341635D136005CBE8F /* DTAppDelegate.h */,
				FC9550351635D136005CBE8F /* DTAppDelegate.m */,
				FC95503D1635D136005CBE8F /* MainStoryboard.storyboard */,
				FC9550401635D136005CBE8F /* DTViewController.h */,
				FC9550411635D136005CBE8F /* DTViewController.m */,
				FC95502C1635D136005CBE8F /* Supporting Files */,
				FC29959816ADAE5200FDAF18 /* DTPDFToolBar.h */,
				FC29959916ADAE5200FDAF18 /* DTPDFToolBar.m */,
				FC1EE4BD16B071D1007A39FC /* DTAnnotationProvider.h */,
				FC1EE4BE16B071D1007A39FC /* DTAnnotationProvider.m */,
			);
			path = PDFKitPOC;
			sourceTree = "<group>";
		};
		FC95502C1635D136005CBE8F /* Supporting Files */ = {
			isa = PBXGroup;
			children = (
				FC95502D1635D136005CBE8F /* PDFKitPOC-Info.plist */,
				FC95502E1635D136005CBE8F /* InfoPlist.strings */,
				FC9550311635D136005CBE8F /* main.m */,
				FC9550331635D136005CBE8F /* PDFKitPOC-Prefix.pch */,
				FC9550371635D136005CBE8F /* Default.png */,
				FC9550391635D136005CBE8F /* Default@2x.png */,
				FC95503B1635D136005CBE8F /* Default-568h@2x.png */,
			);
			name = "Supporting Files";
			sourceTree = "<group>";
		};
		FC95504F1635D136005CBE8F /* PDFKitPOCTests */ = {
			isa = PBXGroup;
			children = (
				FC9550551635D136005CBE8F /* PDFKitPOCTests.h */,
				FC9550561635D136005CBE8F /* PDFKitPOCTests.m */,
				FC9550501635D136005CBE8F /* Supporting Files */,
			);
			path = PDFKitPOCTests;
			sourceTree = "<group>";
		};
		FC9550501635D136005CBE8F /* Supporting Files */ = {
			isa = PBXGroup;
			children = (
				FC9550511635D136005CBE8F /* PDFKitPOCTests-Info.plist */,
				FC9550521635D136005CBE8F /* InfoPlist.strings */,
			);
			name = "Supporting Files";
			sourceTree = "<group>";
		};
		FC9550801635D71A005CBE8F /* Resources */ = {
			isa = PBXGroup;
			children = (
				FC29959C16ADBAAF00FDAF18 /* 39-spraycan@2x.png */,
				FC29959E16ADBAE000FDAF18 /* 39-spraycan_white@2x.png */,
				FC2995A016ADDA2D00FDAF18 /* sticky_note_selected.png */,
				FC2995A116ADDA2D00FDAF18 /* sticky_note_unselected.png */,
				FC2995A216ADDA2D00FDAF18 /* text_selected.png */,
				FC2995A316ADDA2D00FDAF18 /* text_unselected.png */,
				FCCC01C316A84D84000A4BF3 /* pdf-iso3200.pdf */,
			);
			name = Resources;
			path = PDFKitPOC;
			sourceTree = "<group>";
		};
/* End PBXGroup section */

/* Begin PBXNativeTarget section */
		FC9550201635D136005CBE8F /* PDFKitPOC */ = {
			isa = PBXNativeTarget;
			buildConfigurationList = FC95505A1635D136005CBE8F /* Build configuration list for PBXNativeTarget "PDFKitPOC" */;
			buildPhases = (
				FC95501D1635D136005CBE8F /* Sources */,
				FC95501E1635D136005CBE8F /* Frameworks */,
				FC95501F1635D136005CBE8F /* Resources */,
			);
			buildRules = (
			);
			dependencies = (
			);
			name = PDFKitPOC;
			productName = PDFKitPOC;
			productReference = FC9550211635D136005CBE8F /* PDFKitPOC.app */;
			productType = "com.apple.product-type.application";
		};
		FC9550471635D136005CBE8F /* PDFKitPOCTests */ = {
			isa = PBXNativeTarget;
			buildConfigurationList = FC95505D1635D136005CBE8F /* Build configuration list for PBXNativeTarget "PDFKitPOCTests" */;
			buildPhases = (
				FC9550431635D136005CBE8F /* Sources */,
				FC9550441635D136005CBE8F /* Frameworks */,
				FC9550451635D136005CBE8F /* Resources */,
				FC9550461635D136005CBE8F /* ShellScript */,
			);
			buildRules = (
			);
			dependencies = (
				FC95504E1635D136005CBE8F /* PBXTargetDependency */,
			);
			name = PDFKitPOCTests;
			productName = PDFKitPOCTests;
			productReference = FC9550481635D136005CBE8F /* PDFKitPOCTests.octest */;
			productType = "com.apple.product-type.bundle";
		};
/* End PBXNativeTarget section */

/* Begin PBXProject section */
		FC9550181635D136005CBE8F /* Project object */ = {
			isa = PBXProject;
			attributes = {
				CLASSPREFIX = DT;
				LastUpgradeCheck = 0450;
				ORGANIZATIONNAME = Developertown;
			};
			buildConfigurationList = FC95501B1635D136005CBE8F /* Build configuration list for PBXProject "PDFKitPOC" */;
			compatibilityVersion = "Xcode 3.2";
			developmentRegion = English;
			hasScannedForEncodings = 0;
			knownRegions = (
				en,
			);
			mainGroup = FC9550161635D136005CBE8F;
			productRefGroup = FC9550221635D136005CBE8F /* Products */;
			projectDirPath = "";
			projectRoot = "";
			targets = (
				FC9550201635D136005CBE8F /* PDFKitPOC */,
				FC9550471635D136005CBE8F /* PDFKitPOCTests */,
			);
		};
/* End PBXProject section */

/* Begin PBXResourcesBuildPhase section */
		FC95501F1635D136005CBE8F /* Resources */ = {
			isa = PBXResourcesBuildPhase;
			buildActionMask = 2147483647;
			files = (
				FC9550301635D136005CBE8F /* InfoPlist.strings in Resources */,
				FC9550381635D136005CBE8F /* Default.png in Resources */,
				FC95503A1635D136005CBE8F /* Default@2x.png in Resources */,
				FC95503C1635D136005CBE8F /* Default-568h@2x.png in Resources */,
				FC95503F1635D136005CBE8F /* MainStoryboard.storyboard in Resources */,
				FCCC01C416A84D84000A4BF3 /* pdf-iso3200.pdf in Resources */,
				FC29959D16ADBAAF00FDAF18 /* 39-spraycan@2x.png in Resources */,
				FC29959F16ADBAE000FDAF18 /* 39-spraycan_white@2x.png in Resources */,
				FC2995A416ADDA2D00FDAF18 /* sticky_note_selected.png in Resources */,
				FC2995A516ADDA2D00FDAF18 /* sticky_note_unselected.png in Resources */,
				FC2995A616ADDA2D00FDAF18 /* text_selected.png in Resources */,
				FC2995A716ADDA2D00FDAF18 /* text_unselected.png in Resources */,
				FC1EE47316AEC7D5007A39FC /* ACKNOWLEDGEMENTS in Resources */,
				FC1EE47416AEC7D5007A39FC /* LICENSE in Resources */,
				FC1EE47516AEC7D5007A39FC /* PSPDFKit.bundle in Resources */,
				FC1EE47616AEC7D5007A39FC /* PSPDFKit.xcconfig in Resources */,
				FC1EE47716AEC7D5007A39FC /* VERSION in Resources */,
			);
			runOnlyForDeploymentPostprocessing = 0;
		};
		FC9550451635D136005CBE8F /* Resources */ = {
			isa = PBXResourcesBuildPhase;
			buildActionMask = 2147483647;
			files = (
				FC9550541635D136005CBE8F /* InfoPlist.strings in Resources */,
			);
			runOnlyForDeploymentPostprocessing = 0;
		};
/* End PBXResourcesBuildPhase section */

/* Begin PBXShellScriptBuildPhase section */
		FC9550461635D136005CBE8F /* ShellScript */ = {
			isa = PBXShellScriptBuildPhase;
			buildActionMask = 2147483647;
			files = (
			);
			inputPaths = (
			);
			outputPaths = (
			);
			runOnlyForDeploymentPostprocessing = 0;
			shellPath = /bin/sh;
			shellScript = "# Run the unit tests in this test bundle.\n\"${SYSTEM_DEVELOPER_DIR}/Tools/RunUnitTests\"\n";
		};
/* End PBXShellScriptBuildPhase section */

/* Begin PBXSourcesBuildPhase section */
		FC95501D1635D136005CBE8F /* Sources */ = {
			isa = PBXSourcesBuildPhase;
			buildActionMask = 2147483647;
			files = (
				FC9550321635D136005CBE8F /* main.m in Sources */,
				FC9550361635D136005CBE8F /* DTAppDelegate.m in Sources */,
				FC9550421635D136005CBE8F /* DTViewController.m in Sources */,
				FC29959A16ADAE5200FDAF18 /* DTPDFToolBar.m in Sources */,
				FC1EE4BF16B071D1007A39FC /* DTAnnotationProvider.m in Sources */,
			);
			runOnlyForDeploymentPostprocessing = 0;
		};
		FC9550431635D136005CBE8F /* Sources */ = {
			isa = PBXSourcesBuildPhase;
			buildActionMask = 2147483647;
			files = (
				FC9550571635D136005CBE8F /* PDFKitPOCTests.m in Sources */,
			);
			runOnlyForDeploymentPostprocessing = 0;
		};
/* End PBXSourcesBuildPhase section */

/* Begin PBXTargetDependency section */
		FC95504E1635D136005CBE8F /* PBXTargetDependency */ = {
			isa = PBXTargetDependency;
			target = FC9550201635D136005CBE8F /* PDFKitPOC */;
			targetProxy = FC95504D1635D136005CBE8F /* PBXContainerItemProxy */;
		};
/* End PBXTargetDependency section */

/* Begin PBXVariantGroup section */
		FC95502E1635D136005CBE8F /* InfoPlist.strings */ = {
			isa = PBXVariantGroup;
			children = (
				FC95502F1635D136005CBE8F /* en */,
			);
			name = InfoPlist.strings;
			sourceTree = "<group>";
		};
		FC95503D1635D136005CBE8F /* MainStoryboard.storyboard */ = {
			isa = PBXVariantGroup;
			children = (
				FC95503E1635D136005CBE8F /* en */,
			);
			name = MainStoryboard.storyboard;
			sourceTree = "<group>";
		};
		FC9550521635D136005CBE8F /* InfoPlist.strings */ = {
			isa = PBXVariantGroup;
			children = (
				FC9550531635D136005CBE8F /* en */,
			);
			name = InfoPlist.strings;
			sourceTree = "<group>";
		};
/* End PBXVariantGroup section */

/* Begin XCBuildConfiguration section */
		FC9550581635D136005CBE8F /* Debug */ = {
			isa = XCBuildConfiguration;
			buildSettings = {
				ALWAYS_SEARCH_USER_PATHS = NO;
				CLANG_CXX_LANGUAGE_STANDARD = "gnu++0x";
				CLANG_CXX_LIBRARY = "libc++";
				CLANG_ENABLE_OBJC_ARC = YES;
				CLANG_WARN_EMPTY_BODY = YES;
				CLANG_WARN__DUPLICATE_METHOD_MATCH = YES;
				"CODE_SIGN_IDENTITY[sdk=iphoneos*]" = "iPhone Developer";
				COPY_PHASE_STRIP = NO;
				GCC_C_LANGUAGE_STANDARD = gnu99;
				GCC_DYNAMIC_NO_PIC = NO;
				GCC_OPTIMIZATION_LEVEL = 0;
				GCC_PREPROCESSOR_DEFINITIONS = (
					"DEBUG=1",
					"$(inherited)",
				);
				GCC_SYMBOLS_PRIVATE_EXTERN = NO;
				GCC_WARN_ABOUT_RETURN_TYPE = YES;
				GCC_WARN_UNINITIALIZED_AUTOS = YES;
				GCC_WARN_UNUSED_VARIABLE = YES;
				IPHONEOS_DEPLOYMENT_TARGET = 6.0;
				ONLY_ACTIVE_ARCH = YES;
				SDKROOT = iphoneos;
				TARGETED_DEVICE_FAMILY = 2;
			};
			name = Debug;
		};
		FC9550591635D136005CBE8F /* Release */ = {
			isa = XCBuildConfiguration;
			buildSettings = {
				ALWAYS_SEARCH_USER_PATHS = NO;
				CLANG_CXX_LANGUAGE_STANDARD = "gnu++0x";
				CLANG_CXX_LIBRARY = "libc++";
				CLANG_ENABLE_OBJC_ARC = YES;
				CLANG_WARN_EMPTY_BODY = YES;
				CLANG_WARN__DUPLICATE_METHOD_MATCH = YES;
				"CODE_SIGN_IDENTITY[sdk=iphoneos*]" = "iPhone Developer";
				COPY_PHASE_STRIP = YES;
				GCC_C_LANGUAGE_STANDARD = gnu99;
				GCC_WARN_ABOUT_RETURN_TYPE = YES;
				GCC_WARN_UNINITIALIZED_AUTOS = YES;
				GCC_WARN_UNUSED_VARIABLE = YES;
				IPHONEOS_DEPLOYMENT_TARGET = 6.0;
				OTHER_CFLAGS = "-DNS_BLOCK_ASSERTIONS=1";
				SDKROOT = iphoneos;
				TARGETED_DEVICE_FAMILY = 2;
				VALIDATE_PRODUCT = YES;
			};
			name = Release;
		};
		FC95505B1635D136005CBE8F /* Debug */ = {
			isa = XCBuildConfiguration;
			buildSettings = {
				FRAMEWORK_SEARCH_PATHS = (
					"$(inherited)",
					"\"$(SRCROOT)/PSPDFKit.embeddedframework\"",
				);
				GCC_PRECOMPILE_PREFIX_HEADER = YES;
				GCC_PREFIX_HEADER = "PDFKitPOC/PDFKitPOC-Prefix.pch";
				INFOPLIST_FILE = "PDFKitPOC/PDFKitPOC-Info.plist";
				IPHONEOS_DEPLOYMENT_TARGET = 5.1;
				OTHER_LDFLAGS = "-ObjC";
				PRODUCT_NAME = "$(TARGET_NAME)";
				USER_HEADER_SEARCH_PATHS = "";
				WRAPPER_EXTENSION = app;
			};
			name = Debug;
		};
		FC95505C1635D136005CBE8F /* Release */ = {
			isa = XCBuildConfiguration;
			buildSettings = {
				FRAMEWORK_SEARCH_PATHS = (
					"$(inherited)",
					"\"$(SRCROOT)/PSPDFKit.embeddedframework\"",
				);
				GCC_PRECOMPILE_PREFIX_HEADER = YES;
				GCC_PREFIX_HEADER = "PDFKitPOC/PDFKitPOC-Prefix.pch";
				INFOPLIST_FILE = "PDFKitPOC/PDFKitPOC-Info.plist";
				IPHONEOS_DEPLOYMENT_TARGET = 5.1;
				OTHER_LDFLAGS = "-ObjC";
				PRODUCT_NAME = "$(TARGET_NAME)";
				USER_HEADER_SEARCH_PATHS = "";
				WRAPPER_EXTENSION = app;
			};
			name = Release;
		};
		FC95505E1635D136005CBE8F /* Debug */ = {
			isa = XCBuildConfiguration;
			buildSettings = {
				BUNDLE_LOADER = "$(BUILT_PRODUCTS_DIR)/PDFKitPOC.app/PDFKitPOC";
				FRAMEWORK_SEARCH_PATHS = (
					"\"$(SDKROOT)/Developer/Library/Frameworks\"",
					"\"$(DEVELOPER_LIBRARY_DIR)/Frameworks\"",
					"\"$(SRCROOT)/PDFKitPOCTests/PSPDFKit.embeddedframework\"",
				);
				GCC_PRECOMPILE_PREFIX_HEADER = YES;
				GCC_PREFIX_HEADER = "PDFKitPOC/PDFKitPOC-Prefix.pch";
				INFOPLIST_FILE = "PDFKitPOCTests/PDFKitPOCTests-Info.plist";
				PRODUCT_NAME = "$(TARGET_NAME)";
				TEST_HOST = "$(BUNDLE_LOADER)";
				WRAPPER_EXTENSION = octest;
			};
			name = Debug;
		};
		FC95505F1635D136005CBE8F /* Release */ = {
			isa = XCBuildConfiguration;
			buildSettings = {
				BUNDLE_LOADER = "$(BUILT_PRODUCTS_DIR)/PDFKitPOC.app/PDFKitPOC";
				FRAMEWORK_SEARCH_PATHS = (
					"\"$(SDKROOT)/Developer/Library/Frameworks\"",
					"\"$(DEVELOPER_LIBRARY_DIR)/Frameworks\"",
					"\"$(SRCROOT)/PDFKitPOCTests/PSPDFKit.embeddedframework\"",
				);
				GCC_PRECOMPILE_PREFIX_HEADER = YES;
				GCC_PREFIX_HEADER = "PDFKitPOC/PDFKitPOC-Prefix.pch";
				INFOPLIST_FILE = "PDFKitPOCTests/PDFKitPOCTests-Info.plist";
				PRODUCT_NAME = "$(TARGET_NAME)";
				TEST_HOST = "$(BUNDLE_LOADER)";
				WRAPPER_EXTENSION = octest;
			};
			name = Release;
		};
/* End XCBuildConfiguration section */

/* Begin XCConfigurationList section */
		FC95501B1635D136005CBE8F /* Build configuration list for PBXProject "PDFKitPOC" */ = {
			isa = XCConfigurationList;
			buildConfigurations = (
				FC9550581635D136005CBE8F /* Debug */,
				FC9550591635D136005CBE8F /* Release */,
			);
			defaultConfigurationIsVisible = 0;
			defaultConfigurationName = Release;
		};
		FC95505A1635D136005CBE8F /* Build configuration list for PBXNativeTarget "PDFKitPOC" */ = {
			isa = XCConfigurationList;
			buildConfigurations = (
				FC95505B1635D136005CBE8F /* Debug */,
				FC95505C1635D136005CBE8F /* Release */,
			);
			defaultConfigurationIsVisible = 0;
			defaultConfigurationName = Release;
		};
		FC95505D1635D136005CBE8F /* Build configuration list for PBXNativeTarget "PDFKitPOCTests" */ = {
			isa = XCConfigurationList;
			buildConfigurations = (
				FC95505E1635D136005CBE8F /* Debug */,
				FC95505F1635D136005CBE8F /* Release */,
			);
			defaultConfigurationIsVisible = 0;
			defaultConfigurationName = Release;
		};
/* End XCConfigurationList section */
	};
	rootObject = FC9550181635D136005CBE8F /* Project object */;
}
